{
  "name": "test-npm-version",
  "version": "1.0.0",
  "lockfileVersion": 3,
  "requires": true,
  "packages": {
    "": {
      "name": "test-npm-version",
      "version": "1.0.0",
      "license": "ISC",
      "dependencies": {
        "canvas": "npm:@napi-rs/canvas@^0.1.60"
      }
    },
    "node_modules/@napi-rs/canvas-android-arm64": {
      "version": "0.1.60",
      "resolved": "https://registry.npmjs.org/@napi-rs/canvas-android-arm64/-/canvas-android-arm64-0.1.60.tgz",
      "integrity": "sha512-KNOBYH3BUfUl5mo5wvrA2C+tJk0RnF4InkbsCoHdsxjhLjbriJKmu5DCFLaiG/c6WPfTcLRz73bGcP7boVeb6A==",
      "cpu": [
        "arm64"
      ],
      "license": "MIT",
      "optional": true,
      "os": [
        "android"
      ],
      "engines": {
        "node": ">= 10"
      }
    },
    "node_modules/@napi-rs/canvas-darwin-arm64": {
      "version": "0.1.60",
      "resolved": "https://registry.npmjs.org/@napi-rs/canvas-darwin-arm64/-/canvas-darwin-arm64-0.1.60.tgz",
      "integrity": "sha512-j6PA7RwRcx0409Jk3zz6beq3EtvwEgvN46FyKgFnSnzoV0ey2kM+KI2XTpG3tE/v4+fTnQenR+ysUBEgtWuUuA==",
      "cpu": [
        "arm64"
      ],
      "license": "MIT",
      "optional": true,
      "os": [
        "darwin"
      ],
      "engines": {
        "node": ">= 10"
      }
    },
    "node_modules/@napi-rs/canvas-darwin-x64": {
      "version": "0.1.60",
      "resolved": "https://registry.npmjs.org/@napi-rs/canvas-darwin-x64/-/canvas-darwin-x64-0.1.60.tgz",
      "integrity": "sha512-k0uBuShNK7QnOJlLhzxSsnSdJMkiU8VexqvuTEi0qABqKkHrYzD0ezUgtyvaVLOOoqxwGy1Hh5ZoEze5s9H/6g==",
      "cpu": [
        "x64"
      ],
      "license": "MIT",
      "optional": true,
      "os": [
        "darwin"
      ],
      "engines": {
        "node": ">= 10"
      }
    },
    "node_modules/@napi-rs/canvas-linux-arm-gnueabihf": {
      "version": "0.1.60",
      "resolved": "https://registry.npmjs.org/@napi-rs/canvas-linux-arm-gnueabihf/-/canvas-linux-arm-gnueabihf-0.1.60.tgz",
      "integrity": "sha512-X2cQ6MIDZn5dMsy9jakASM6tvo2PGd3dq25gqrUzJeQIngQhLIWZtaYWza3md3M6HoQ4b/6W81OVQhgL/8uTkA==",
      "cpu": [
        "arm"
      ],
      "license": "MIT",
      "optional": true,
      "os": [
        "linux"
      ],
      "engines": {
        "node": ">= 10"
      }
    },
    "node_modules/@napi-rs/canvas-linux-arm64-gnu": {
      "version": "0.1.60",
      "resolved": "https://registry.npmjs.org/@napi-rs/canvas-linux-arm64-gnu/-/canvas-linux-arm64-gnu-0.1.60.tgz",
      "integrity": "sha512-Ch02kQsetlXA4tfHfSJ63oyq9EbYB00yy/6hZ0/VYh60pLnopvsMt682+cM+rGBbgm14G+Heh3rDzJ6zBiiocw==",
      "cpu": [
        "arm64"
      ],
      "license": "MIT",
      "optional": true,
      "os": [
        "linux"
      ],
      "engines": {
        "node": ">= 10"
      }
    },
    "node_modules/@napi-rs/canvas-linux-arm64-musl": {
      "version": "0.1.60",
      "resolved": "https://registry.npmjs.org/@napi-rs/canvas-linux-arm64-musl/-/canvas-linux-arm64-musl-0.1.60.tgz",
      "integrity": "sha512-7TpSJM4RnhHnAMrA/bDXitNVx9TV8ZLQ/47QHsNhdZ77yCgcEyLBRgUGvjsmnUpWIHhTOWTHDlGY47zHcQDfhA==",
      "cpu": [
        "arm64"
      ],
      "license": "MIT",
      "optional": true,
      "os": [
        "linux"
      ],
      "engines": {
        "node": ">= 10"
      }
    },
    "node_modules/@napi-rs/canvas-linux-x64-gnu": {
      "version": "0.1.60",
      "resolved": "https://registry.npmjs.org/@napi-rs/canvas-linux-x64-gnu/-/canvas-linux-x64-gnu-0.1.60.tgz",
      "integrity": "sha512-46yi+fIUQ5SRg0Qs3L04zh67kk0uFJa2elWt/cS/7kEydu06uhjbJwW3123J9KShu2PKLlaZEqxJPksYpowoeA==",
      "cpu": [
        "x64"
      ],
      "license": "MIT",
      "optional": true,
      "os": [
        "linux"
      ],
      "engines": {
        "node": ">= 10"
      }
    },
    "node_modules/@napi-rs/canvas-linux-x64-musl": {
      "version": "0.1.60",
      "resolved": "https://registry.npmjs.org/@napi-rs/canvas-linux-x64-musl/-/canvas-linux-x64-musl-0.1.60.tgz",
      "integrity": "sha512-lTKiv5VnccFyZAd27AL6t69djDXQlfUgVE03PTM5HZUUy0h7sQKnrGh2mSMq58E3/vA0k65IFDqVqxyLjCpvlw==",
      "cpu": [
        "x64"
      ],
      "license": "MIT",
      "optional": true,
      "os": [
        "linux"
      ],
      "engines": {
        "node": ">= 10"
      }
    },
    "node_modules/@napi-rs/canvas-win32-x64-msvc": {
      "version": "0.1.60",
      "resolved": "https://registry.npmjs.org/@napi-rs/canvas-win32-x64-msvc/-/canvas-win32-x64-msvc-0.1.60.tgz",
      "integrity": "sha512-b7VjNQ3V/7G6VQqB8KvG9A06ENFZhxFMe4areUduipFwuJ0w35PGgOmYZHd0+iY9Nh7niECjgPRNDcrzpDlWXg==",
      "cpu": [
        "x64"
      ],
      "license": "MIT",
      "optional": true,
      "os": [
        "win32"
      ],
      "engines": {
        "node": ">= 10"
      }
    },
    "node_modules/canvas": {
      "name": "@napi-rs/canvas",
      "version": "0.1.60",
      "resolved": "https://registry.npmjs.org/@napi-rs/canvas/-/canvas-0.1.60.tgz",
      "integrity": "sha512-2a/8ynCHVXu9JVTeT/RLrZy6kro3VHnxDqy7SyHIdzCUUwJoKuKNmDzXjD6bqE0W/07j1lFW7OVIAYSr1GiWuA==",
      "license": "MIT",
      "engines": {
        "node": ">= 10"
      },
      "optionalDependencies": {
        "@napi-rs/canvas-android-arm64": "0.1.60",
        "@napi-rs/canvas-darwin-arm64": "0.1.60",
        "@napi-rs/canvas-darwin-x64": "0.1.60",
        "@napi-rs/canvas-linux-arm-gnueabihf": "0.1.60",
        "@napi-rs/canvas-linux-arm64-gnu": "0.1.60",
        "@napi-rs/canvas-linux-arm64-musl": "0.1.60",
        "@napi-rs/canvas-linux-x64-gnu": "0.1.60",
        "@napi-rs/canvas-linux-x64-musl": "0.1.60",
        "@napi-rs/canvas-win32-x64-msvc": "0.1.60"
      }
    }
  }
}
